
Microsoft Visual Studio Solution File, Format Version 12.00
# Visual Studio Version 16
VisualStudioVersion = 16.0.32602.291
MinimumVisualStudioVersion = 10.0.40219.1
Project("{FAE04EC0-301F-11D3-BF4B-00C04F79EFBC}") = "ilkuygulama", "ilkuygulama\ilkuygulama.csproj", "{986D7F50-4FD5-4997-B56C-85BD896B877E}"
EndProject
Project("{FAE04EC0-301F-11D3-BF4B-00C04F79EFBC}") = "uygulama2", "uygulama2\uygulama2.csproj", "{70BC9A8C-1245-4ACE-8BB7-E6E32A3E0639}"
EndProject
Project("{FAE04EC0-301F-11D3-BF4B-00C04F79EFBC}") = "uygulama3", "uygulama3\uygulama3.csproj", "{41547ABC-B2EE-457B-8D7D-DFFAA627529E}"
EndProject
Project("{FAE04EC0-301F-11D3-BF4B-00C04F79EFBC}") = "uygulama4", "uygulama4\uygulama4.csproj", "{1B4812BB-FB69-4E3E-8722-3314DE06A9B3}"
EndProject
Project("{FAE04EC0-301F-11D3-BF4B-00C04F79EFBC}") = "uygulama5", "uygulama5\uygulama5.csproj", "{AF46DAEE-44D3-4D19-B9B4-6DB0478BD8B8}"
EndProject
Project("{FAE04EC0-301F-11D3-BF4B-00C04F79EFBC}") = "uygulama6", "uygulama6\uygulama6.csproj", "{147255BE-64FA-4994-9468-C9D1C8DDF968}"
EndProject
Project("{FAE04EC0-301F-11D3-BF4B-00C04F79EFBC}") = "uygulama7", "uygulama7\uygulama7.csproj", "{B7FE6116-69D7-459B-A424-33C916EE7249}"
EndProject
Project("{FAE04EC0-301F-11D3-BF4B-00C04F79EFBC}") = "uygulama8", "uygulama8\uygulama8.csproj", "{CE557332-59AD-4732-8B45-0F45AFC76974}"
EndProject
Project("{FAE04EC0-301F-11D3-BF4B-00C04F79EFBC}") = "uygulama9", "uygulama9\uygulama9.csproj", "{88DA09E3-3C1B-44A5-B20D-7AA9AEFC3D1A}"
EndProject
Project("{FAE04EC0-301F-11D3-BF4B-00C04F79EFBC}") = "uygulama10", "uygulama10\uygulama10.csproj", "{C9883D86-F163-4379-B83F-CC0092981A8B}"
EndProject
Project("{FAE04EC0-301F-11D3-BF4B-00C04F79EFBC}") = "uygulama11", "uygulama11\uygulama11.csproj", "{3F9DE211-ECD7-4A6A-9350-5C83641E4A72}"
EndProject
Project("{FAE04EC0-301F-11D3-BF4B-00C04F79EFBC}") = "uygulama12", "uygulama12\uygulama12.csproj", "{6C85A28C-7C3E-4561-9212-F83A73ECB543}"
EndProject
Project("{FAE04EC0-301F-11D3-BF4B-00C04F79EFBC}") = "uygulama13", "uygulama13\uygulama13.csproj", "{1F2BEBC2-ED5A-48AB-B1FE-1DB7A5AF049F}"
EndProject
Project("{FAE04EC0-301F-11D3-BF4B-00C04F79EFBC}") = "uygulama14", "uygulama14\uygulama14.csproj", "{F690444C-D752-4C4F-B3F6-72B26BA73BEF}"
EndProject
Project("{FAE04EC0-301F-11D3-BF4B-00C04F79EFBC}") = "uygulama15", "uygulama15\uygulama15.csproj", "{CDB2B47C-CED1-41C2-9171-176CA5A3921B}"
EndProject
Project("{FAE04EC0-301F-11D3-BF4B-00C04F79EFBC}") = "Ornekler", "Ornekler\Ornekler.csproj", "{818C9A35-E86B-4370-B020-9656EC417A60}"
EndProject
Project("{FAE04EC0-301F-11D3-BF4B-00C04F79EFBC}") = "Ornekler2", "Ornekler2\Ornekler2.csproj", "{84172C62-66EB-4C88-BA52-7CBFD2D64426}"
EndProject
Project("{FAE04EC0-301F-11D3-BF4B-00C04F79EFBC}") = "Ornekler3", "Ornekler3\Ornekler3.csproj", "{8FDDC2FB-B0B7-47DC-8D0D-694636192853}"
EndProject
Project("{FAE04EC0-301F-11D3-BF4B-00C04F79EFBC}") = "Ornekler4", "Ornekler4\Ornekler4.csproj", "{DE94B521-5873-4AF2-B7E9-64BCB8FDA7FC}"
EndProject
Project("{FAE04EC0-301F-11D3-BF4B-00C04F79EFBC}") = "Ornekler5", "Ornekler5\Ornekler5.csproj", "{7F34B6C0-2319-49ED-85B1-78635819466E}"
EndProject
Project("{FAE04EC0-301F-11D3-BF4B-00C04F79EFBC}") = "Ornekler6", "Ornekler6\Ornekler6.csproj", "{B4B6CF43-51CA-4522-9CD3-E758FCB3C9C2}"
EndProject
Project("{FAE04EC0-301F-11D3-BF4B-00C04F79EFBC}") = "Ornekler7", "Ornekler7\Ornekler7.csproj", "{4C1181AC-6113-4B10-B9B3-B87C4597B369}"
EndProject
Project("{FAE04EC0-301F-11D3-BF4B-00C04F79EFBC}") = "Ornekler8", "Ornekler8\Ornekler8.csproj", "{775CBD61-7423-4D11-86B1-BEE6DBB9F2E5}"
EndProject
Project("{FAE04EC0-301F-11D3-BF4B-00C04F79EFBC}") = "Ornekler9", "Ornekler9\Ornekler9.csproj", "{F4F7FB90-72DE-4F12-BD59-083FA75A4FC9}"
EndProject
Project("{FAE04EC0-301F-11D3-BF4B-00C04F79EFBC}") = "Ornekler10", "Ornekler10\Ornekler10.csproj", "{65BA42BF-E5C9-4C6F-915D-17FD9CF0941C}"
EndProject
Project("{FAE04EC0-301F-11D3-BF4B-00C04F79EFBC}") = "Ornekler11", "Ornekler11\Ornekler11.csproj", "{F49E6C9B-D02D-4891-B1BB-061872A6CCDA}"
EndProject
Project("{FAE04EC0-301F-11D3-BF4B-00C04F79EFBC}") = "Ornekler12", "Ornekler12\Ornekler12.csproj", "{8C783982-8513-4FA2-8554-02C0C52B7F1B}"
EndProject
Project("{FAE04EC0-301F-11D3-BF4B-00C04F79EFBC}") = "Ornekler13", "Ornekler13\Ornekler13.csproj", "{B462D8B5-56CC-499E-A27F-74679CFC097E}"
EndProject
Project("{FAE04EC0-301F-11D3-BF4B-00C04F79EFBC}") = "Ornekler14", "Ornekler14\Ornekler14.csproj", "{350B65E6-D17B-48B7-BB79-C23FE6252959}"
EndProject
Project("{FAE04EC0-301F-11D3-BF4B-00C04F79EFBC}") = "Class1", "OOP\Class1.csproj", "{F18A96D3-90FD-4A54-AA64-87BF7C13A514}"
EndProject
Project("{FAE04EC0-301F-11D3-BF4B-00C04F79EFBC}") = "Class", "Class\Class.csproj", "{620FB031-9672-48AF-8A43-CC9C6BA55872}"
EndProject
Project("{FAE04EC0-301F-11D3-BF4B-00C04F79EFBC}") = "Class2", "Class2\Class2.csproj", "{7FB6B549-848D-4AB1-BB11-7F229E966D07}"
EndProject
Project("{FAE04EC0-301F-11D3-BF4B-00C04F79EFBC}") = "Class3", "Class3\Class3.csproj", "{A738BD28-E7E7-486E-88F1-CC3CC763FC0A}"
EndProject
Project("{FAE04EC0-301F-11D3-BF4B-00C04F79EFBC}") = "Kalıtım", "Kalıtım\Kalıtım.csproj", "{C742572D-B01C-4152-8BB5-7C9B1E104881}"
EndProject
Project("{FAE04EC0-301F-11D3-BF4B-00C04F79EFBC}") = "Kalıtım2", "Kalıtım2\Kalıtım2.csproj", "{C884E5DF-9E96-402D-9C60-41D71E5F03D0}"
EndProject
Project("{FAE04EC0-301F-11D3-BF4B-00C04F79EFBC}") = "Kalıtım3", "Kalıtım3\Kalıtım3.csproj", "{A5EA0EF5-8BCF-4879-9518-E2C509D3DC23}"
EndProject
Project("{FAE04EC0-301F-11D3-BF4B-00C04F79EFBC}") = "Kalıtım5", "Kalıtım5\Kalıtım5.csproj", "{45AFCC9F-59F8-47B3-B1CC-16FD0EBDFAE7}"
EndProject
Project("{FAE04EC0-301F-11D3-BF4B-00C04F79EFBC}") = "Kalıtım6", "Kalıtım6\Kalıtım6.csproj", "{108BC996-AB32-4E0E-B558-65F0E42E0979}"
EndProject
Project("{FAE04EC0-301F-11D3-BF4B-00C04F79EFBC}") = "Ornek", "Ornek\Ornek.csproj", "{9909484D-B009-44D8-AD84-A3460B937621}"
EndProject
Project("{FAE04EC0-301F-11D3-BF4B-00C04F79EFBC}") = "Ornek2", "hastane\Ornek2.csproj", "{A5ADC69F-E679-4874-8DD0-912BCE07ED36}"
EndProject
Project("{FAE04EC0-301F-11D3-BF4B-00C04F79EFBC}") = "Ornek3", "Ornek3\Ornek3.csproj", "{5ACB0D92-846C-4CB9-9541-D9C737C0E390}"
EndProject
Project("{FAE04EC0-301F-11D3-BF4B-00C04F79EFBC}") = "Ornek4", "Ornek4\Ornek4.csproj", "{FD0427D6-0FC6-40C9-9E1E-7C0379C65AF2}"
EndProject
Project("{FAE04EC0-301F-11D3-BF4B-00C04F79EFBC}") = "WindowsFormsApp1", "WindowsFormsApp1\WindowsFormsApp1.csproj", "{67DD3850-E2FD-4E89-ACC2-D57190DEDD21}"
EndProject
Project("{FAE04EC0-301F-11D3-BF4B-00C04F79EFBC}") = "WindowsFormsApp2", "WindowsFormsApp2\WindowsFormsApp2.csproj", "{B33CEEC4-1F5A-42AB-B455-7B565310AB8D}"
EndProject
Project("{FAE04EC0-301F-11D3-BF4B-00C04F79EFBC}") = "WindowsFormsApp3", "WindowsFormsApp3\WindowsFormsApp3.csproj", "{82756518-9DC4-4301-8093-1BE5B661AB3E}"
EndProject
Project("{FAE04EC0-301F-11D3-BF4B-00C04F79EFBC}") = "WindowsFormsApp4", "WindowsFormsApp4\WindowsFormsApp4.csproj", "{D432FAEA-58F0-4747-9E1C-EDD902B572F5}"
EndProject
Project("{FAE04EC0-301F-11D3-BF4B-00C04F79EFBC}") = "WindowsFormsApp5", "WindowsFormsApp5\WindowsFormsApp5.csproj", "{432ECA2D-4ABF-4375-9F07-50E78FDA6BBB}"
EndProject
Project("{FAE04EC0-301F-11D3-BF4B-00C04F79EFBC}") = "WindowsFormsApp6", "WindowsFormsApp6\WindowsFormsApp6.csproj", "{88577DD4-CB60-40F6-8904-56A3C7F9D2F5}"
EndProject
Project("{FAE04EC0-301F-11D3-BF4B-00C04F79EFBC}") = "WindowsFormsApp7", "WindowsFormsApp7\WindowsFormsApp7.csproj", "{2AB692E5-036F-4A64-85B8-D9F2CD208E3D}"
EndProject
Project("{FAE04EC0-301F-11D3-BF4B-00C04F79EFBC}") = "WindowsFormsApp8", "WindowsFormsApp8\WindowsFormsApp8.csproj", "{88A7F9D7-B4FC-45C0-A712-385596383424}"
EndProject
Project("{FAE04EC0-301F-11D3-BF4B-00C04F79EFBC}") = "WindowsFormsApp9", "WindowsFormsApp9\WindowsFormsApp9.csproj", "{A26D7828-9ED4-40B5-ABE5-E3A8ADF94019}"
EndProject
Global
	GlobalSection(SolutionConfigurationPlatforms) = preSolution
		Debug|Any CPU = Debug|Any CPU
		Release|Any CPU = Release|Any CPU
	EndGlobalSection
	GlobalSection(ProjectConfigurationPlatforms) = postSolution
		{986D7F50-4FD5-4997-B56C-85BD896B877E}.Debug|Any CPU.ActiveCfg = Debug|Any CPU
		{986D7F50-4FD5-4997-B56C-85BD896B877E}.Debug|Any CPU.Build.0 = Debug|Any CPU
		{986D7F50-4FD5-4997-B56C-85BD896B877E}.Release|Any CPU.ActiveCfg = Release|Any CPU
		{986D7F50-4FD5-4997-B56C-85BD896B877E}.Release|Any CPU.Build.0 = Release|Any CPU
		{70BC9A8C-1245-4ACE-8BB7-E6E32A3E0639}.Debug|Any CPU.ActiveCfg = Debug|Any CPU
		{70BC9A8C-1245-4ACE-8BB7-E6E32A3E0639}.Debug|Any CPU.Build.0 = Debug|Any CPU
		{70BC9A8C-1245-4ACE-8BB7-E6E32A3E0639}.Release|Any CPU.ActiveCfg = Release|Any CPU
		{70BC9A8C-1245-4ACE-8BB7-E6E32A3E0639}.Release|Any CPU.Build.0 = Release|Any CPU
		{41547ABC-B2EE-457B-8D7D-DFFAA627529E}.Debug|Any CPU.ActiveCfg = Debug|Any CPU
		{41547ABC-B2EE-457B-8D7D-DFFAA627529E}.Debug|Any CPU.Build.0 = Debug|Any CPU
		{41547ABC-B2EE-457B-8D7D-DFFAA627529E}.Release|Any CPU.ActiveCfg = Release|Any CPU
		{41547ABC-B2EE-457B-8D7D-DFFAA627529E}.Release|Any CPU.Build.0 = Release|Any CPU
		{1B4812BB-FB69-4E3E-8722-3314DE06A9B3}.Debug|Any CPU.ActiveCfg = Debug|Any CPU
		{1B4812BB-FB69-4E3E-8722-3314DE06A9B3}.Debug|Any CPU.Build.0 = Debug|Any CPU
		{1B4812BB-FB69-4E3E-8722-3314DE06A9B3}.Release|Any CPU.ActiveCfg = Release|Any CPU
		{1B4812BB-FB69-4E3E-8722-3314DE06A9B3}.Release|Any CPU.Build.0 = Release|Any CPU
		{AF46DAEE-44D3-4D19-B9B4-6DB0478BD8B8}.Debug|Any CPU.ActiveCfg = Debug|Any CPU
		{AF46DAEE-44D3-4D19-B9B4-6DB0478BD8B8}.Debug|Any CPU.Build.0 = Debug|Any CPU
		{AF46DAEE-44D3-4D19-B9B4-6DB0478BD8B8}.Release|Any CPU.ActiveCfg = Release|Any CPU
		{AF46DAEE-44D3-4D19-B9B4-6DB0478BD8B8}.Release|Any CPU.Build.0 = Release|Any CPU
		{147255BE-64FA-4994-9468-C9D1C8DDF968}.Debug|Any CPU.ActiveCfg = Debug|Any CPU
		{147255BE-64FA-4994-9468-C9D1C8DDF968}.Debug|Any CPU.Build.0 = Debug|Any CPU
		{147255BE-64FA-4994-9468-C9D1C8DDF968}.Release|Any CPU.ActiveCfg = Release|Any CPU
		{147255BE-64FA-4994-9468-C9D1C8DDF968}.Release|Any CPU.Build.0 = Release|Any CPU
		{B7FE6116-69D7-459B-A424-33C916EE7249}.Debug|Any CPU.ActiveCfg = Debug|Any CPU
		{B7FE6116-69D7-459B-A424-33C916EE7249}.Debug|Any CPU.Build.0 = Debug|Any CPU
		{B7FE6116-69D7-459B-A424-33C916EE7249}.Release|Any CPU.ActiveCfg = Release|Any CPU
		{B7FE6116-69D7-459B-A424-33C916EE7249}.Release|Any CPU.Build.0 = Release|Any CPU
		{CE557332-59AD-4732-8B45-0F45AFC76974}.Debug|Any CPU.ActiveCfg = Debug|Any CPU
		{CE557332-59AD-4732-8B45-0F45AFC76974}.Debug|Any CPU.Build.0 = Debug|Any CPU
		{CE557332-59AD-4732-8B45-0F45AFC76974}.Release|Any CPU.ActiveCfg = Release|Any CPU
		{CE557332-59AD-4732-8B45-0F45AFC76974}.Release|Any CPU.Build.0 = Release|Any CPU
		{88DA09E3-3C1B-44A5-B20D-7AA9AEFC3D1A}.Debug|Any CPU.ActiveCfg = Debug|Any CPU
		{88DA09E3-3C1B-44A5-B20D-7AA9AEFC3D1A}.Debug|Any CPU.Build.0 = Debug|Any CPU
		{88DA09E3-3C1B-44A5-B20D-7AA9AEFC3D1A}.Release|Any CPU.ActiveCfg = Release|Any CPU
		{88DA09E3-3C1B-44A5-B20D-7AA9AEFC3D1A}.Release|Any CPU.Build.0 = Release|Any CPU
		{C9883D86-F163-4379-B83F-CC0092981A8B}.Debug|Any CPU.ActiveCfg = Debug|Any CPU
		{C9883D86-F163-4379-B83F-CC0092981A8B}.Debug|Any CPU.Build.0 = Debug|Any CPU
		{C9883D86-F163-4379-B83F-CC0092981A8B}.Release|Any CPU.ActiveCfg = Release|Any CPU
		{C9883D86-F163-4379-B83F-CC0092981A8B}.Release|Any CPU.Build.0 = Release|Any CPU
		{3F9DE211-ECD7-4A6A-9350-5C83641E4A72}.Debug|Any CPU.ActiveCfg = Debug|Any CPU
		{3F9DE211-ECD7-4A6A-9350-5C83641E4A72}.Debug|Any CPU.Build.0 = Debug|Any CPU
		{3F9DE211-ECD7-4A6A-9350-5C83641E4A72}.Release|Any CPU.ActiveCfg = Release|Any CPU
		{3F9DE211-ECD7-4A6A-9350-5C83641E4A72}.Release|Any CPU.Build.0 = Release|Any CPU
		{6C85A28C-7C3E-4561-9212-F83A73ECB543}.Debug|Any CPU.ActiveCfg = Debug|Any CPU
		{6C85A28C-7C3E-4561-9212-F83A73ECB543}.Debug|Any CPU.Build.0 = Debug|Any CPU
		{6C85A28C-7C3E-4561-9212-F83A73ECB543}.Release|Any CPU.ActiveCfg = Release|Any CPU
		{6C85A28C-7C3E-4561-9212-F83A73ECB543}.Release|Any CPU.Build.0 = Release|Any CPU
		{1F2BEBC2-ED5A-48AB-B1FE-1DB7A5AF049F}.Debug|Any CPU.ActiveCfg = Debug|Any CPU
		{1F2BEBC2-ED5A-48AB-B1FE-1DB7A5AF049F}.Debug|Any CPU.Build.0 = Debug|Any CPU
		{1F2BEBC2-ED5A-48AB-B1FE-1DB7A5AF049F}.Release|Any CPU.ActiveCfg = Release|Any CPU
		{1F2BEBC2-ED5A-48AB-B1FE-1DB7A5AF049F}.Release|Any CPU.Build.0 = Release|Any CPU
		{F690444C-D752-4C4F-B3F6-72B26BA73BEF}.Debug|Any CPU.ActiveCfg = Debug|Any CPU
		{F690444C-D752-4C4F-B3F6-72B26BA73BEF}.Debug|Any CPU.Build.0 = Debug|Any CPU
		{F690444C-D752-4C4F-B3F6-72B26BA73BEF}.Release|Any CPU.ActiveCfg = Release|Any CPU
		{F690444C-D752-4C4F-B3F6-72B26BA73BEF}.Release|Any CPU.Build.0 = Release|Any CPU
		{CDB2B47C-CED1-41C2-9171-176CA5A3921B}.Debug|Any CPU.ActiveCfg = Debug|Any CPU
		{CDB2B47C-CED1-41C2-9171-176CA5A3921B}.Debug|Any CPU.Build.0 = Debug|Any CPU
		{CDB2B47C-CED1-41C2-9171-176CA5A3921B}.Release|Any CPU.ActiveCfg = Release|Any CPU
		{CDB2B47C-CED1-41C2-9171-176CA5A3921B}.Release|Any CPU.Build.0 = Release|Any CPU
		{818C9A35-E86B-4370-B020-9656EC417A60}.Debug|Any CPU.ActiveCfg = Debug|Any CPU
		{818C9A35-E86B-4370-B020-9656EC417A60}.Debug|Any CPU.Build.0 = Debug|Any CPU
		{818C9A35-E86B-4370-B020-9656EC417A60}.Release|Any CPU.ActiveCfg = Release|Any CPU
		{818C9A35-E86B-4370-B020-9656EC417A60}.Release|Any CPU.Build.0 = Release|Any CPU
		{84172C62-66EB-4C88-BA52-7CBFD2D64426}.Debug|Any CPU.ActiveCfg = Debug|Any CPU
		{84172C62-66EB-4C88-BA52-7CBFD2D64426}.Debug|Any CPU.Build.0 = Debug|Any CPU
		{84172C62-66EB-4C88-BA52-7CBFD2D64426}.Release|Any CPU.ActiveCfg = Release|Any CPU
		{84172C62-66EB-4C88-BA52-7CBFD2D64426}.Release|Any CPU.Build.0 = Release|Any CPU
		{8FDDC2FB-B0B7-47DC-8D0D-694636192853}.Debug|Any CPU.ActiveCfg = Debug|Any CPU
		{8FDDC2FB-B0B7-47DC-8D0D-694636192853}.Debug|Any CPU.Build.0 = Debug|Any CPU
		{8FDDC2FB-B0B7-47DC-8D0D-694636192853}.Release|Any CPU.ActiveCfg = Release|Any CPU
		{8FDDC2FB-B0B7-47DC-8D0D-694636192853}.Release|Any CPU.Build.0 = Release|Any CPU
		{DE94B521-5873-4AF2-B7E9-64BCB8FDA7FC}.Debug|Any CPU.ActiveCfg = Debug|Any CPU
		{DE94B521-5873-4AF2-B7E9-64BCB8FDA7FC}.Debug|Any CPU.Build.0 = Debug|Any CPU
		{DE94B521-5873-4AF2-B7E9-64BCB8FDA7FC}.Release|Any CPU.ActiveCfg = Release|Any CPU
		{DE94B521-5873-4AF2-B7E9-64BCB8FDA7FC}.Release|Any CPU.Build.0 = Release|Any CPU
		{7F34B6C0-2319-49ED-85B1-78635819466E}.Debug|Any CPU.ActiveCfg = Debug|Any CPU
		{7F34B6C0-2319-49ED-85B1-78635819466E}.Debug|Any CPU.Build.0 = Debug|Any CPU
		{7F34B6C0-2319-49ED-85B1-78635819466E}.Release|Any CPU.ActiveCfg = Release|Any CPU
		{7F34B6C0-2319-49ED-85B1-78635819466E}.Release|Any CPU.Build.0 = Release|Any CPU
		{B4B6CF43-51CA-4522-9CD3-E758FCB3C9C2}.Debug|Any CPU.ActiveCfg = Debug|Any CPU
		{B4B6CF43-51CA-4522-9CD3-E758FCB3C9C2}.Debug|Any CPU.Build.0 = Debug|Any CPU
		{B4B6CF43-51CA-4522-9CD3-E758FCB3C9C2}.Release|Any CPU.ActiveCfg = Release|Any CPU
		{B4B6CF43-51CA-4522-9CD3-E758FCB3C9C2}.Release|Any CPU.Build.0 = Release|Any CPU
		{4C1181AC-6113-4B10-B9B3-B87C4597B369}.Debug|Any CPU.ActiveCfg = Debug|Any CPU
		{4C1181AC-6113-4B10-B9B3-B87C4597B369}.Debug|Any CPU.Build.0 = Debug|Any CPU
		{4C1181AC-6113-4B10-B9B3-B87C4597B369}.Release|Any CPU.ActiveCfg = Release|Any CPU
		{4C1181AC-6113-4B10-B9B3-B87C4597B369}.Release|Any CPU.Build.0 = Release|Any CPU
		{775CBD61-7423-4D11-86B1-BEE6DBB9F2E5}.Debug|Any CPU.ActiveCfg = Debug|Any CPU
		{775CBD61-7423-4D11-86B1-BEE6DBB9F2E5}.Debug|Any CPU.Build.0 = Debug|Any CPU
		{775CBD61-7423-4D11-86B1-BEE6DBB9F2E5}.Release|Any CPU.ActiveCfg = Release|Any CPU
		{775CBD61-7423-4D11-86B1-BEE6DBB9F2E5}.Release|Any CPU.Build.0 = Release|Any CPU
		{F4F7FB90-72DE-4F12-BD59-083FA75A4FC9}.Debug|Any CPU.ActiveCfg = Debug|Any CPU
		{F4F7FB90-72DE-4F12-BD59-083FA75A4FC9}.Debug|Any CPU.Build.0 = Debug|Any CPU
		{F4F7FB90-72DE-4F12-BD59-083FA75A4FC9}.Release|Any CPU.ActiveCfg = Release|Any CPU
		{F4F7FB90-72DE-4F12-BD59-083FA75A4FC9}.Release|Any CPU.Build.0 = Release|Any CPU
		{65BA42BF-E5C9-4C6F-915D-17FD9CF0941C}.Debug|Any CPU.ActiveCfg = Debug|Any CPU
		{65BA42BF-E5C9-4C6F-915D-17FD9CF0941C}.Debug|Any CPU.Build.0 = Debug|Any CPU
		{65BA42BF-E5C9-4C6F-915D-17FD9CF0941C}.Release|Any CPU.ActiveCfg = Release|Any CPU
		{65BA42BF-E5C9-4C6F-915D-17FD9CF0941C}.Release|Any CPU.Build.0 = Release|Any CPU
		{F49E6C9B-D02D-4891-B1BB-061872A6CCDA}.Debug|Any CPU.ActiveCfg = Debug|Any CPU
		{F49E6C9B-D02D-4891-B1BB-061872A6CCDA}.Debug|Any CPU.Build.0 = Debug|Any CPU
		{F49E6C9B-D02D-4891-B1BB-061872A6CCDA}.Release|Any CPU.ActiveCfg = Release|Any CPU
		{F49E6C9B-D02D-4891-B1BB-061872A6CCDA}.Release|Any CPU.Build.0 = Release|Any CPU
		{8C783982-8513-4FA2-8554-02C0C52B7F1B}.Debug|Any CPU.ActiveCfg = Debug|Any CPU
		{8C783982-8513-4FA2-8554-02C0C52B7F1B}.Debug|Any CPU.Build.0 = Debug|Any CPU
		{8C783982-8513-4FA2-8554-02C0C52B7F1B}.Release|Any CPU.ActiveCfg = Release|Any CPU
		{8C783982-8513-4FA2-8554-02C0C52B7F1B}.Release|Any CPU.Build.0 = Release|Any CPU
		{B462D8B5-56CC-499E-A27F-74679CFC097E}.Debug|Any CPU.ActiveCfg = Debug|Any CPU
		{B462D8B5-56CC-499E-A27F-74679CFC097E}.Debug|Any CPU.Build.0 = Debug|Any CPU
		{B462D8B5-56CC-499E-A27F-74679CFC097E}.Release|Any CPU.ActiveCfg = Release|Any CPU
		{B462D8B5-56CC-499E-A27F-74679CFC097E}.Release|Any CPU.Build.0 = Release|Any CPU
		{350B65E6-D17B-48B7-BB79-C23FE6252959}.Debug|Any CPU.ActiveCfg = Debug|Any CPU
		{350B65E6-D17B-48B7-BB79-C23FE6252959}.Debug|Any CPU.Build.0 = Debug|Any CPU
		{350B65E6-D17B-48B7-BB79-C23FE6252959}.Release|Any CPU.ActiveCfg = Release|Any CPU
		{350B65E6-D17B-48B7-BB79-C23FE6252959}.Release|Any CPU.Build.0 = Release|Any CPU
		{F18A96D3-90FD-4A54-AA64-87BF7C13A514}.Debug|Any CPU.ActiveCfg = Debug|Any CPU
		{F18A96D3-90FD-4A54-AA64-87BF7C13A514}.Debug|Any CPU.Build.0 = Debug|Any CPU
		{F18A96D3-90FD-4A54-AA64-87BF7C13A514}.Release|Any CPU.ActiveCfg = Release|Any CPU
		{F18A96D3-90FD-4A54-AA64-87BF7C13A514}.Release|Any CPU.Build.0 = Release|Any CPU
		{620FB031-9672-48AF-8A43-CC9C6BA55872}.Debug|Any CPU.ActiveCfg = Debug|Any CPU
		{620FB031-9672-48AF-8A43-CC9C6BA55872}.Debug|Any CPU.Build.0 = Debug|Any CPU
		{620FB031-9672-48AF-8A43-CC9C6BA55872}.Release|Any CPU.ActiveCfg = Release|Any CPU
		{620FB031-9672-48AF-8A43-CC9C6BA55872}.Release|Any CPU.Build.0 = Release|Any CPU
		{7FB6B549-848D-4AB1-BB11-7F229E966D07}.Debug|Any CPU.ActiveCfg = Debug|Any CPU
		{7FB6B549-848D-4AB1-BB11-7F229E966D07}.Debug|Any CPU.Build.0 = Debug|Any CPU
		{7FB6B549-848D-4AB1-BB11-7F229E966D07}.Release|Any CPU.ActiveCfg = Release|Any CPU
		{7FB6B549-848D-4AB1-BB11-7F229E966D07}.Release|Any CPU.Build.0 = Release|Any CPU
		{A738BD28-E7E7-486E-88F1-CC3CC763FC0A}.Debug|Any CPU.ActiveCfg = Debug|Any CPU
		{A738BD28-E7E7-486E-88F1-CC3CC763FC0A}.Debug|Any CPU.Build.0 = Debug|Any CPU
		{A738BD28-E7E7-486E-88F1-CC3CC763FC0A}.Release|Any CPU.ActiveCfg = Release|Any CPU
		{A738BD28-E7E7-486E-88F1-CC3CC763FC0A}.Release|Any CPU.Build.0 = Release|Any CPU
		{C742572D-B01C-4152-8BB5-7C9B1E104881}.Debug|Any CPU.ActiveCfg = Debug|Any CPU
		{C742572D-B01C-4152-8BB5-7C9B1E104881}.Debug|Any CPU.Build.0 = Debug|Any CPU
		{C742572D-B01C-4152-8BB5-7C9B1E104881}.Release|Any CPU.ActiveCfg = Release|Any CPU
		{C742572D-B01C-4152-8BB5-7C9B1E104881}.Release|Any CPU.Build.0 = Release|Any CPU
		{C884E5DF-9E96-402D-9C60-41D71E5F03D0}.Debug|Any CPU.ActiveCfg = Debug|Any CPU
		{C884E5DF-9E96-402D-9C60-41D71E5F03D0}.Debug|Any CPU.Build.0 = Debug|Any CPU
		{C884E5DF-9E96-402D-9C60-41D71E5F03D0}.Release|Any CPU.ActiveCfg = Release|Any CPU
		{C884E5DF-9E96-402D-9C60-41D71E5F03D0}.Release|Any CPU.Build.0 = Release|Any CPU
		{A5EA0EF5-8BCF-4879-9518-E2C509D3DC23}.Debug|Any CPU.ActiveCfg = Debug|Any CPU
		{A5EA0EF5-8BCF-4879-9518-E2C509D3DC23}.Debug|Any CPU.Build.0 = Debug|Any CPU
		{A5EA0EF5-8BCF-4879-9518-E2C509D3DC23}.Release|Any CPU.ActiveCfg = Release|Any CPU
		{A5EA0EF5-8BCF-4879-9518-E2C509D3DC23}.Release|Any CPU.Build.0 = Release|Any CPU
		{45AFCC9F-59F8-47B3-B1CC-16FD0EBDFAE7}.Debug|Any CPU.ActiveCfg = Debug|Any CPU
		{45AFCC9F-59F8-47B3-B1CC-16FD0EBDFAE7}.Debug|Any CPU.Build.0 = Debug|Any CPU
		{45AFCC9F-59F8-47B3-B1CC-16FD0EBDFAE7}.Release|Any CPU.ActiveCfg = Release|Any CPU
		{45AFCC9F-59F8-47B3-B1CC-16FD0EBDFAE7}.Release|Any CPU.Build.0 = Release|Any CPU
		{108BC996-AB32-4E0E-B558-65F0E42E0979}.Debug|Any CPU.ActiveCfg = Debug|Any CPU
		{108BC996-AB32-4E0E-B558-65F0E42E0979}.Debug|Any CPU.Build.0 = Debug|Any CPU
		{108BC996-AB32-4E0E-B558-65F0E42E0979}.Release|Any CPU.ActiveCfg = Release|Any CPU
		{108BC996-AB32-4E0E-B558-65F0E42E0979}.Release|Any CPU.Build.0 = Release|Any CPU
		{9909484D-B009-44D8-AD84-A3460B937621}.Debug|Any CPU.ActiveCfg = Debug|Any CPU
		{9909484D-B009-44D8-AD84-A3460B937621}.Debug|Any CPU.Build.0 = Debug|Any CPU
		{9909484D-B009-44D8-AD84-A3460B937621}.Release|Any CPU.ActiveCfg = Release|Any CPU
		{9909484D-B009-44D8-AD84-A3460B937621}.Release|Any CPU.Build.0 = Release|Any CPU
		{A5ADC69F-E679-4874-8DD0-912BCE07ED36}.Debug|Any CPU.ActiveCfg = Debug|Any CPU
		{A5ADC69F-E679-4874-8DD0-912BCE07ED36}.Debug|Any CPU.Build.0 = Debug|Any CPU
		{A5ADC69F-E679-4874-8DD0-912BCE07ED36}.Release|Any CPU.ActiveCfg = Release|Any CPU
		{A5ADC69F-E679-4874-8DD0-912BCE07ED36}.Release|Any CPU.Build.0 = Release|Any CPU
		{5ACB0D92-846C-4CB9-9541-D9C737C0E390}.Debug|Any CPU.ActiveCfg = Debug|Any CPU
		{5ACB0D92-846C-4CB9-9541-D9C737C0E390}.Debug|Any CPU.Build.0 = Debug|Any CPU
		{5ACB0D92-846C-4CB9-9541-D9C737C0E390}.Release|Any CPU.ActiveCfg = Release|Any CPU
		{5ACB0D92-846C-4CB9-9541-D9C737C0E390}.Release|Any CPU.Build.0 = Release|Any CPU
		{FD0427D6-0FC6-40C9-9E1E-7C0379C65AF2}.Debug|Any CPU.ActiveCfg = Debug|Any CPU
		{FD0427D6-0FC6-40C9-9E1E-7C0379C65AF2}.Debug|Any CPU.Build.0 = Debug|Any CPU
		{FD0427D6-0FC6-40C9-9E1E-7C0379C65AF2}.Release|Any CPU.ActiveCfg = Release|Any CPU
		{FD0427D6-0FC6-40C9-9E1E-7C0379C65AF2}.Release|Any CPU.Build.0 = Release|Any CPU
		{67DD3850-E2FD-4E89-ACC2-D57190DEDD21}.Debug|Any CPU.ActiveCfg = Debug|Any CPU
		{67DD3850-E2FD-4E89-ACC2-D57190DEDD21}.Debug|Any CPU.Build.0 = Debug|Any CPU
		{67DD3850-E2FD-4E89-ACC2-D57190DEDD21}.Release|Any CPU.ActiveCfg = Release|Any CPU
		{67DD3850-E2FD-4E89-ACC2-D57190DEDD21}.Release|Any CPU.Build.0 = Release|Any CPU
		{B33CEEC4-1F5A-42AB-B455-7B565310AB8D}.Debug|Any CPU.ActiveCfg = Debug|Any CPU
		{B33CEEC4-1F5A-42AB-B455-7B565310AB8D}.Debug|Any CPU.Build.0 = Debug|Any CPU
		{B33CEEC4-1F5A-42AB-B455-7B565310AB8D}.Release|Any CPU.ActiveCfg = Release|Any CPU
		{B33CEEC4-1F5A-42AB-B455-7B565310AB8D}.Release|Any CPU.Build.0 = Release|Any CPU
		{82756518-9DC4-4301-8093-1BE5B661AB3E}.Debug|Any CPU.ActiveCfg = Debug|Any CPU
		{82756518-9DC4-4301-8093-1BE5B661AB3E}.Debug|Any CPU.Build.0 = Debug|Any CPU
		{82756518-9DC4-4301-8093-1BE5B661AB3E}.Release|Any CPU.ActiveCfg = Release|Any CPU
		{82756518-9DC4-4301-8093-1BE5B661AB3E}.Release|Any CPU.Build.0 = Release|Any CPU
		{D432FAEA-58F0-4747-9E1C-EDD902B572F5}.Debug|Any CPU.ActiveCfg = Debug|Any CPU
		{D432FAEA-58F0-4747-9E1C-EDD902B572F5}.Debug|Any CPU.Build.0 = Debug|Any CPU
		{D432FAEA-58F0-4747-9E1C-EDD902B572F5}.Release|Any CPU.ActiveCfg = Release|Any CPU
		{D432FAEA-58F0-4747-9E1C-EDD902B572F5}.Release|Any CPU.Build.0 = Release|Any CPU
		{432ECA2D-4ABF-4375-9F07-50E78FDA6BBB}.Debug|Any CPU.ActiveCfg = Debug|Any CPU
		{432ECA2D-4ABF-4375-9F07-50E78FDA6BBB}.Debug|Any CPU.Build.0 = Debug|Any CPU
		{432ECA2D-4ABF-4375-9F07-50E78FDA6BBB}.Release|Any CPU.ActiveCfg = Release|Any CPU
		{432ECA2D-4ABF-4375-9F07-50E78FDA6BBB}.Release|Any CPU.Build.0 = Release|Any CPU
		{88577DD4-CB60-40F6-8904-56A3C7F9D2F5}.Debug|Any CPU.ActiveCfg = Debug|Any CPU
		{88577DD4-CB60-40F6-8904-56A3C7F9D2F5}.Debug|Any CPU.Build.0 = Debug|Any CPU
		{88577DD4-CB60-40F6-8904-56A3C7F9D2F5}.Release|Any CPU.ActiveCfg = Release|Any CPU
		{88577DD4-CB60-40F6-8904-56A3C7F9D2F5}.Release|Any CPU.Build.0 = Release|Any CPU
		{2AB692E5-036F-4A64-85B8-D9F2CD208E3D}.Debug|Any CPU.ActiveCfg = Debug|Any CPU
		{2AB692E5-036F-4A64-85B8-D9F2CD208E3D}.Debug|Any CPU.Build.0 = Debug|Any CPU
		{2AB692E5-036F-4A64-85B8-D9F2CD208E3D}.Release|Any CPU.ActiveCfg = Release|Any CPU
		{2AB692E5-036F-4A64-85B8-D9F2CD208E3D}.Release|Any CPU.Build.0 = Release|Any CPU
		{88A7F9D7-B4FC-45C0-A712-385596383424}.Debug|Any CPU.ActiveCfg = Debug|Any CPU
		{88A7F9D7-B4FC-45C0-A712-385596383424}.Debug|Any CPU.Build.0 = Debug|Any CPU
		{88A7F9D7-B4FC-45C0-A712-385596383424}.Release|Any CPU.ActiveCfg = Release|Any CPU
		{88A7F9D7-B4FC-45C0-A712-385596383424}.Release|Any CPU.Build.0 = Release|Any CPU
		{A26D7828-9ED4-40B5-ABE5-E3A8ADF94019}.Debug|Any CPU.ActiveCfg = Debug|Any CPU
		{A26D7828-9ED4-40B5-ABE5-E3A8ADF94019}.Debug|Any CPU.Build.0 = Debug|Any CPU
		{A26D7828-9ED4-40B5-ABE5-E3A8ADF94019}.Release|Any CPU.ActiveCfg = Release|Any CPU
		{A26D7828-9ED4-40B5-ABE5-E3A8ADF94019}.Release|Any CPU.Build.0 = Release|Any CPU
	EndGlobalSection
	GlobalSection(SolutionProperties) = preSolution
		HideSolutionNode = FALSE
	EndGlobalSection
	GlobalSection(ExtensibilityGlobals) = postSolution
		SolutionGuid = {50CD670F-0D55-4C58-8CB8-E90EB420876C}
	EndGlobalSection
EndGlobal
